<?xml version="1.0" encoding="utf-8"?>
<Project ToolsVersion="4.0" xmlns="http://schemas.microsoft.com/developer/msbuild/2003">
  <ItemGroup>
    <Filter Include="Resource Files">
      <UniqueIdentifier>{67DA6AB6-F800-4c08-8B7A-83BB121AAD01}</UniqueIdentifier>
      <Extensions>rc;ico;cur;bmp;dlg;rc2;rct;bin;rgs;gif;jpg;jpeg;jpe;resx;tiff;tif;png;wav;mfcribbon-ms</Extensions>
    </Filter>
    <Filter Include="Base">
      <UniqueIdentifier>{8c6af0fe-91f3-47b6-9d3b-05213c0d7128}</UniqueIdentifier>
    </Filter>
    <Filter Include="Base\Header Files">
      <UniqueIdentifier>{93995380-89BD-4b04-88EB-625FBE52EBFB}</UniqueIdentifier>
      <Extensions>h;hh;hpp;hxx;h++;hm;inl;inc;ipp;xsd</Extensions>
    </Filter>
    <Filter Include="Base\Source Files">
      <UniqueIdentifier>{4FC737F1-C7A5-4376-A066-2A32D752A2FF}</UniqueIdentifier>
      <Extensions>cpp;c;cc;cxx;c++;cppm;ixx;def;odl;idl;hpj;bat;asm;asmx</Extensions>
    </Filter>
    <Filter Include="GameObjects">
      <UniqueIdentifier>{2b887a1b-504d-4077-8f4d-3685f4ad4e06}</UniqueIdentifier>
    </Filter>
    <Filter Include="GameObjects\2D">
      <UniqueIdentifier>{f6ea89f8-4b6b-4b4a-b838-eaa020d19adc}</UniqueIdentifier>
    </Filter>
    <Filter Include="GameObjects\3D">
      <UniqueIdentifier>{55eb35cb-52cf-4b77-a269-7ea683d1825c}</UniqueIdentifier>
    </Filter>
    <Filter Include="GameObjects\2D\Header Files">
      <UniqueIdentifier>{cf0306bc-1e27-4eb4-969c-8f9720c794e8}</UniqueIdentifier>
    </Filter>
    <Filter Include="GameObjects\2D\Source Files">
      <UniqueIdentifier>{f2be1f0c-88f2-4fcf-bfd7-340268b99845}</UniqueIdentifier>
    </Filter>
    <Filter Include="GameObjects\3D\Header Files">
      <UniqueIdentifier>{beda7a65-44a5-4fbf-bd10-5bc0491d9e4a}</UniqueIdentifier>
    </Filter>
    <Filter Include="GameObjects\3D\Source Files">
      <UniqueIdentifier>{7ba9b82a-5f33-43e4-90bf-69fab6b8b98f}</UniqueIdentifier>
    </Filter>
    <Filter Include="GameObjects\3D\VBGO Base">
      <UniqueIdentifier>{a75f1702-1de8-406d-a9da-303efa55129b}</UniqueIdentifier>
    </Filter>
    <Filter Include="GameObjects\Sound">
      <UniqueIdentifier>{93f56f34-def8-4698-a27d-a70448fb48f6}</UniqueIdentifier>
    </Filter>
    <Filter Include="GameObjects\Sound\Header Files">
      <UniqueIdentifier>{a641e3ad-5a7a-42a4-92d5-e5bd47b94d93}</UniqueIdentifier>
    </Filter>
    <Filter Include="GameObjects\Sound\Source Files">
      <UniqueIdentifier>{b36885db-921d-4d11-87ed-14c324432822}</UniqueIdentifier>
    </Filter>
    <Filter Include="Afterlife">
      <UniqueIdentifier>{1e489a48-107e-458e-bb57-eb4b8005b69e}</UniqueIdentifier>
    </Filter>
    <Filter Include="Afterlife\Core Components">
      <UniqueIdentifier>{b683a75a-053b-49a8-b6c1-350611c53532}</UniqueIdentifier>
    </Filter>
    <Filter Include="Afterlife\Core Components\DirectX Headers">
      <UniqueIdentifier>{0ce6f69d-da88-45ae-932e-138223e73eb2}</UniqueIdentifier>
    </Filter>
    <Filter Include="Afterlife\Core Components\DirectX Source">
      <UniqueIdentifier>{a10b08bb-73d8-4673-9745-d5353f7f9647}</UniqueIdentifier>
    </Filter>
    <Filter Include="Afterlife\GameStates">
      <UniqueIdentifier>{98f5c18d-60cc-414d-ab1d-8c9dd2c27088}</UniqueIdentifier>
    </Filter>
    <Filter Include="Afterlife\Singletons">
      <UniqueIdentifier>{518271c0-e290-4a78-a594-fcf9a0b1278a}</UniqueIdentifier>
    </Filter>
    <Filter Include="Afterlife\GameStates\FSM">
      <UniqueIdentifier>{d913d5ff-7e28-434e-af18-dde60016132b}</UniqueIdentifier>
    </Filter>
    <Filter Include="Afterlife\GameStates\Interface">
      <UniqueIdentifier>{1a8ff8ed-90c3-45d9-bcab-9b10646fbb29}</UniqueIdentifier>
    </Filter>
    <Filter Include="GameObjects\AfterlifeGOs">
      <UniqueIdentifier>{da403b41-258b-4075-a42a-811ed53d8c07}</UniqueIdentifier>
    </Filter>
    <Filter Include="Afterlife\UIButton">
      <UniqueIdentifier>{f476fdb2-9590-4035-817c-57bd318a162e}</UniqueIdentifier>
    </Filter>
    <Filter Include="GameObjects\AfterlifeGOs\Building System">
      <UniqueIdentifier>{e90b4398-86ce-49c1-8f2a-b7c5bc8dfeaf}</UniqueIdentifier>
    </Filter>
    <Filter Include="GameObjects\AfterlifeGOs\Building System\Tilemap">
      <UniqueIdentifier>{b7e7acd6-4260-4b77-af05-c0d60060209f}</UniqueIdentifier>
    </Filter>
    <Filter Include="Afterlife\AStar Pathfinding">
      <UniqueIdentifier>{42540fc4-1d6d-4ed8-b1c3-6aede6b9032a}</UniqueIdentifier>
    </Filter>
    <Filter Include="Afterlife\UIWindow">
      <UniqueIdentifier>{4bbe157e-0adb-4290-a984-36c803e7d3bf}</UniqueIdentifier>
    </Filter>
    <Filter Include="Afterlife\UIMainPanel">
      <UniqueIdentifier>{e5250314-cc53-4c70-9134-4e1d52e17ecd}</UniqueIdentifier>
    </Filter>
    <Filter Include="GameObjects\AfterlifeGOs\Vibe">
      <UniqueIdentifier>{c1ecafa7-560c-45ee-addd-65e3da54a2a9}</UniqueIdentifier>
    </Filter>
    <Filter Include="GameObjects\AfterlifeGOs\Building System\Structure">
      <UniqueIdentifier>{411baae6-c812-449c-9469-c2b64bfd03af}</UniqueIdentifier>
    </Filter>
    <Filter Include="Afterlife\WorldGen">
      <UniqueIdentifier>{f2e63d2e-da66-4198-9fc6-b866dc5b5a87}</UniqueIdentifier>
    </Filter>
  </ItemGroup>
  <ItemGroup>
    <ClInclude Include="Game.h">
      <Filter>Base\Header Files</Filter>
    </ClInclude>
    <ClInclude Include="GameObject2D.h">
      <Filter>GameObjects\2D\Header Files</Filter>
    </ClInclude>
    <ClInclude Include="ImageGO2D.h">
      <Filter>GameObjects\2D\Header Files</Filter>
    </ClInclude>
    <ClInclude Include="TextGO2D.h">
      <Filter>GameObjects\2D\Header Files</Filter>
    </ClInclude>
    <ClInclude Include="camera.h">
      <Filter>GameObjects\3D\Header Files</Filter>
    </ClInclude>
    <ClInclude Include="CMOGO.h">
      <Filter>GameObjects\3D\Header Files</Filter>
    </ClInclude>
    <ClInclude Include="gameobject.h">
      <Filter>GameObjects\3D\Header Files</Filter>
    </ClInclude>
    <ClInclude Include="TPSCamera.h">
      <Filter>GameObjects\3D\Header Files</Filter>
    </ClInclude>
    <ClInclude Include="Terrain.h">
      <Filter>GameObjects\3D\Header Files</Filter>
    </ClInclude>
    <ClInclude Include="Tree.h">
      <Filter>GameObjects\3D\Header Files</Filter>
    </ClInclude>
    <ClInclude Include="TreeBit.h">
      <Filter>GameObjects\3D\Header Files</Filter>
    </ClInclude>
    <ClInclude Include="VBCube.h">
      <Filter>GameObjects\3D\Header Files</Filter>
    </ClInclude>
    <ClInclude Include="VBGO.h">
      <Filter>GameObjects\3D\Header Files</Filter>
    </ClInclude>
    <ClInclude Include="Light.h">
      <Filter>GameObjects\3D\Header Files</Filter>
    </ClInclude>
    <ClInclude Include="vertex.h">
      <Filter>GameObjects\3D\VBGO Base</Filter>
    </ClInclude>
    <ClInclude Include="ConstantBuffer.h">
      <Filter>GameObjects\3D\VBGO Base</Filter>
    </ClInclude>
    <ClInclude Include="fileVBGO.h">
      <Filter>GameObjects\3D\Header Files</Filter>
    </ClInclude>
    <ClInclude Include="MarchCubes.h">
      <Filter>GameObjects\3D\Header Files</Filter>
    </ClInclude>
    <ClInclude Include="VBPillow.h">
      <Filter>GameObjects\3D\Header Files</Filter>
    </ClInclude>
    <ClInclude Include="VBSnail.h">
      <Filter>GameObjects\3D\Header Files</Filter>
    </ClInclude>
    <ClInclude Include="VBspiral.h">
      <Filter>GameObjects\3D\Header Files</Filter>
    </ClInclude>
    <ClInclude Include="Loop.h">
      <Filter>GameObjects\Sound\Header Files</Filter>
    </ClInclude>
    <ClInclude Include="Sound.h">
      <Filter>GameObjects\Sound\Header Files</Filter>
    </ClInclude>
    <ClInclude Include="TestSound.h">
      <Filter>GameObjects\Sound\Header Files</Filter>
    </ClInclude>
    <ClInclude Include="GPGO.h">
      <Filter>GameObjects\3D\Header Files</Filter>
    </ClInclude>
    <ClInclude Include="Afterlife.h">
      <Filter>Afterlife</Filter>
    </ClInclude>
    <ClInclude Include="GameState.h">
      <Filter>Afterlife\Core Components</Filter>
    </ClInclude>
    <ClInclude Include="GameData.h">
      <Filter>Afterlife\Core Components</Filter>
    </ClInclude>
    <ClInclude Include="DrawData.h">
      <Filter>Afterlife\Core Components</Filter>
    </ClInclude>
    <ClInclude Include="framework.h">
      <Filter>Afterlife\Core Components\DirectX Headers</Filter>
    </ClInclude>
    <ClInclude Include="Helper.h">
      <Filter>Afterlife\Core Components\DirectX Headers</Filter>
    </ClInclude>
    <ClInclude Include="pch.h">
      <Filter>Afterlife\Core Components\DirectX Headers</Filter>
    </ClInclude>
    <ClInclude Include="StepTimer.h">
      <Filter>Afterlife\Core Components\DirectX Headers</Filter>
    </ClInclude>
    <ClInclude Include="DrawData2D.h">
      <Filter>Afterlife\Core Components</Filter>
    </ClInclude>
    <ClInclude Include="ObjectList.h">
      <Filter>Afterlife\Core Components</Filter>
    </ClInclude>
    <ClInclude Include="StateTemplate.h">
      <Filter>Afterlife\GameStates\Interface</Filter>
    </ClInclude>
    <ClInclude Include="MainMenu.h">
      <Filter>Afterlife\GameStates</Filter>
    </ClInclude>
    <ClInclude Include="LevelSelect.h">
      <Filter>Afterlife\GameStates</Filter>
    </ClInclude>
    <ClInclude Include="GamePlay.h">
      <Filter>Afterlife\GameStates</Filter>
    </ClInclude>
    <ClInclude Include="GameOver.h">
      <Filter>Afterlife\GameStates</Filter>
    </ClInclude>
    <ClInclude Include="DataManager.h">
      <Filter>Afterlife\Singletons</Filter>
    </ClInclude>
    <ClInclude Include="FSM.h">
      <Filter>Afterlife\GameStates\FSM</Filter>
    </ClInclude>
    <ClInclude Include="EventManager.h">
      <Filter>Afterlife\Singletons</Filter>
    </ClInclude>
    <ClInclude Include="OrthographicCamera.h">
      <Filter>GameObjects\AfterlifeGOs</Filter>
    </ClInclude>
    <ClInclude Include="UIButtonInterFace.h">
      <Filter>Afterlife\UIButton</Filter>
    </ClInclude>
    <ClInclude Include="Button.h">
      <Filter>Afterlife\UIButton</Filter>
    </ClInclude>
    <ClInclude Include="AudioManager.h">
      <Filter>Afterlife\Singletons</Filter>
    </ClInclude>
    <ClInclude Include="Player.h">
      <Filter>GameObjects\3D\Header Files</Filter>
    </ClInclude>
    <ClInclude Include="VBQuad.h">
      <Filter>GameObjects\AfterlifeGOs\Building System\Tilemap</Filter>
    </ClInclude>
    <ClInclude Include="Tile.h">
      <Filter>GameObjects\AfterlifeGOs\Building System\Tilemap</Filter>
    </ClInclude>
    <ClInclude Include="Tilemap.h">
      <Filter>GameObjects\AfterlifeGOs\Building System\Tilemap</Filter>
    </ClInclude>
    <ClInclude Include="Raycast.h">
      <Filter>GameObjects\AfterlifeGOs</Filter>
    </ClInclude>
    <ClInclude Include="AStarPathfinding.h">
      <Filter>Afterlife\AStar Pathfinding</Filter>
    </ClInclude>
    <ClInclude Include="TileNode.h">
      <Filter>Afterlife\AStar Pathfinding</Filter>
    </ClInclude>
    <ClInclude Include="AdvisorManager.h">
      <Filter>Afterlife\Singletons</Filter>
    </ClInclude>
    <ClInclude Include="UIWindow.h">
      <Filter>Afterlife\UIWindow</Filter>
    </ClInclude>
    <ClInclude Include="UIPanel.h">
      <Filter>Afterlife\UIMainPanel</Filter>
    </ClInclude>
    <ClInclude Include="ZoneType.h">
      <Filter>GameObjects\AfterlifeGOs\Building System</Filter>
    </ClInclude>
    <ClInclude Include="PreviewQuad.h">
      <Filter>GameObjects\AfterlifeGOs\Building System</Filter>
    </ClInclude>
    <ClInclude Include="BuildingManager.h">
      <Filter>GameObjects\AfterlifeGOs\Building System</Filter>
    </ClInclude>
    <ClInclude Include="EconomyManager.h">
      <Filter>Base\Header Files</Filter>
    </ClInclude>
    <ClInclude Include="AdvisorWindow.h">
      <Filter>Afterlife\UIWindow</Filter>
    </ClInclude>
    <ClInclude Include="StructureType.h">
      <Filter>GameObjects\AfterlifeGOs\Building System</Filter>
    </ClInclude>
    <ClInclude Include="BuildingSystem.h">
      <Filter>GameObjects\AfterlifeGOs\Building System</Filter>
    </ClInclude>
    <ClInclude Include="VibeTilemap.h">
      <Filter>GameObjects\AfterlifeGOs\Vibe</Filter>
    </ClInclude>
    <ClInclude Include="VibeTile.h">
      <Filter>GameObjects\AfterlifeGOs\Vibe</Filter>
    </ClInclude>
    <ClInclude Include="TrainCentersWindow.h">
      <Filter>Afterlife\UIWindow</Filter>
    </ClInclude>
    <ClInclude Include="SoulViewWindow.h">
      <Filter>Afterlife\UIWindow</Filter>
    </ClInclude>
    <ClInclude Include="TopiasWindowUI.h">
      <Filter>Afterlife\UIWindow</Filter>
    </ClInclude>
    <ClInclude Include="KaraStationWindow.h">
      <Filter>Base\Header Files</Filter>
    </ClInclude>
    <ClInclude Include="StructureGate.h">
      <Filter>GameObjects\AfterlifeGOs\Building System\Structure</Filter>
    </ClInclude>
    <ClInclude Include="StructureTopia.h">
      <Filter>GameObjects\AfterlifeGOs\Building System\Structure</Filter>
    </ClInclude>
    <ClInclude Include="StructureTrainingCenter.h">
      <Filter>GameObjects\AfterlifeGOs\Building System\Structure</Filter>
    </ClInclude>
    <ClInclude Include="PlaneType.h">
      <Filter>GameObjects\AfterlifeGOs\Building System</Filter>
    </ClInclude>
    <ClInclude Include="PopulationManager.h">
      <Filter>GameObjects\AfterlifeGOs\Building System</Filter>
    </ClInclude>
    <ClInclude Include="PerlinNoise.h">
      <Filter>Afterlife\WorldGen</Filter>
    </ClInclude>
    <ClInclude Include="MapAssembler.h">
      <Filter>Afterlife\WorldGen</Filter>
    </ClInclude>
    <ClInclude Include="PlaneAssembler.h">
      <Filter>Afterlife\WorldGen</Filter>
    </ClInclude>
    <ClInclude Include="TextureManager.h">
      <Filter>GameObjects\AfterlifeGOs\Building System\Tilemap</Filter>
    </ClInclude>
    <ClInclude Include="StructureBuilding.h">
      <Filter>GameObjects\AfterlifeGOs\Building System\Structure</Filter>
    </ClInclude>
    <ClInclude Include="StructureKarmaAnchor.h">
      <Filter>GameObjects\AfterlifeGOs\Building System\Structure</Filter>
    </ClInclude>
    <ClInclude Include="StructureKarmaStation.h">
      <Filter>GameObjects\AfterlifeGOs\Building System\Structure</Filter>
    </ClInclude>
    <ClInclude Include="StructureSprite.h">
      <Filter>GameObjects\AfterlifeGOs\Building System\Structure</Filter>
    </ClInclude>
  </ItemGroup>
  <ItemGroup>
    <ClCompile Include="Game.cpp">
      <Filter>Base\Source Files</Filter>
    </ClCompile>
    <ClCompile Include="GameObject2D.cpp">
      <Filter>GameObjects\2D\Source Files</Filter>
    </ClCompile>
    <ClCompile Include="ImageGO2D.cpp">
      <Filter>GameObjects\2D\Source Files</Filter>
    </ClCompile>
    <ClCompile Include="TextGO2D.cpp">
      <Filter>GameObjects\2D\Source Files</Filter>
    </ClCompile>
    <ClCompile Include="gameobject.cpp">
      <Filter>GameObjects\3D\Source Files</Filter>
    </ClCompile>
    <ClCompile Include="camera.cpp">
      <Filter>GameObjects\3D\Source Files</Filter>
    </ClCompile>
    <ClCompile Include="CMOGO.cpp">
      <Filter>GameObjects\3D\Source Files</Filter>
    </ClCompile>
    <ClCompile Include="TPSCamera.cpp">
      <Filter>GameObjects\3D\Source Files</Filter>
    </ClCompile>
    <ClCompile Include="Terrain.cpp">
      <Filter>GameObjects\3D\Source Files</Filter>
    </ClCompile>
    <ClCompile Include="Tree.cpp">
      <Filter>GameObjects\3D\Source Files</Filter>
    </ClCompile>
    <ClCompile Include="treebit.cpp">
      <Filter>GameObjects\3D\Source Files</Filter>
    </ClCompile>
    <ClCompile Include="VBCube.cpp">
      <Filter>GameObjects\3D\Source Files</Filter>
    </ClCompile>
    <ClCompile Include="VBGO.cpp">
      <Filter>GameObjects\3D\Source Files</Filter>
    </ClCompile>
    <ClCompile Include="light.cpp">
      <Filter>GameObjects\3D\Source Files</Filter>
    </ClCompile>
    <ClCompile Include="fileVBGO.cpp">
      <Filter>GameObjects\3D\Source Files</Filter>
    </ClCompile>
    <ClCompile Include="MarchCubes.cpp">
      <Filter>GameObjects\3D\Source Files</Filter>
    </ClCompile>
    <ClCompile Include="VBSnail.cpp">
      <Filter>GameObjects\3D\Source Files</Filter>
    </ClCompile>
    <ClCompile Include="Loop.cpp">
      <Filter>GameObjects\Sound\Source Files</Filter>
    </ClCompile>
    <ClCompile Include="Sound.cpp">
      <Filter>GameObjects\Sound\Source Files</Filter>
    </ClCompile>
    <ClCompile Include="TestSound.cpp">
      <Filter>GameObjects\Sound\Source Files</Filter>
    </ClCompile>
    <ClCompile Include="GPGO.cpp">
      <Filter>GameObjects\3D\Source Files</Filter>
    </ClCompile>
    <ClCompile Include="Afterlife.cpp">
      <Filter>Afterlife</Filter>
    </ClCompile>
    <ClCompile Include="pch.cpp">
      <Filter>Afterlife\Core Components\DirectX Source</Filter>
    </ClCompile>
    <ClCompile Include="MainMenu.cpp">
      <Filter>Afterlife\GameStates</Filter>
    </ClCompile>
    <ClCompile Include="LevelSelect.cpp">
      <Filter>Afterlife\GameStates</Filter>
    </ClCompile>
    <ClCompile Include="GamePlay.cpp">
      <Filter>Afterlife\GameStates</Filter>
    </ClCompile>
    <ClCompile Include="GameOver.cpp">
      <Filter>Afterlife\GameStates</Filter>
    </ClCompile>
    <ClCompile Include="FSM.cpp">
      <Filter>Afterlife\GameStates\FSM</Filter>
    </ClCompile>
    <ClCompile Include="EventManager.cpp">
      <Filter>Afterlife\Singletons</Filter>
    </ClCompile>
    <ClCompile Include="OrthographicCamera.cpp">
      <Filter>GameObjects\AfterlifeGOs</Filter>
    </ClCompile>
    <ClCompile Include="Button.cpp">
      <Filter>Afterlife\UIButton</Filter>
    </ClCompile>
    <ClCompile Include="AudioManager.cpp">
      <Filter>Afterlife\Singletons</Filter>
    </ClCompile>
    <ClCompile Include="Player.cpp">
      <Filter>GameObjects\3D\Source Files</Filter>
    </ClCompile>
    <ClCompile Include="VBQuad.cpp">
      <Filter>GameObjects\AfterlifeGOs\Building System\Tilemap</Filter>
    </ClCompile>
    <ClCompile Include="Tile.cpp">
      <Filter>GameObjects\AfterlifeGOs\Building System\Tilemap</Filter>
    </ClCompile>
    <ClCompile Include="Tilemap.cpp">
      <Filter>GameObjects\AfterlifeGOs\Building System\Tilemap</Filter>
    </ClCompile>
    <ClCompile Include="Raycast.cpp">
      <Filter>GameObjects\AfterlifeGOs</Filter>
    </ClCompile>
    <ClCompile Include="AStarPathfinding.cpp">
      <Filter>Afterlife\AStar Pathfinding</Filter>
    </ClCompile>
    <ClCompile Include="AdvisorManager.cpp">
      <Filter>Afterlife\Singletons</Filter>
    </ClCompile>
    <ClCompile Include="UIWindow.cpp">
      <Filter>Afterlife\UIWindow</Filter>
    </ClCompile>
    <ClCompile Include="UIPanel.cpp">
      <Filter>Afterlife\UIMainPanel</Filter>
    </ClCompile>
    <ClCompile Include="PreviewQuad.cpp">
      <Filter>GameObjects\AfterlifeGOs\Building System</Filter>
    </ClCompile>
    <ClCompile Include="BuildingManager.cpp">
      <Filter>GameObjects\AfterlifeGOs\Building System</Filter>
    </ClCompile>
    <ClCompile Include="EconomyManager.cpp">
      <Filter>Base\Source Files</Filter>
    </ClCompile>
    <ClCompile Include="AdvisorWindow.cpp">
      <Filter>Afterlife\UIWindow</Filter>
    </ClCompile>
    <ClCompile Include="BuildingSystem.cpp">
      <Filter>GameObjects\AfterlifeGOs\Building System</Filter>
    </ClCompile>
    <ClCompile Include="VibeTilemap.cpp">
      <Filter>GameObjects\AfterlifeGOs\Vibe</Filter>
    </ClCompile>
    <ClCompile Include="VibeTile.cpp">
      <Filter>GameObjects\AfterlifeGOs\Vibe</Filter>
    </ClCompile>
    <ClCompile Include="TopiasWinowUI.cpp">
      <Filter>Afterlife\UIWindow</Filter>
    </ClCompile>
    <ClCompile Include="TrainCentersWindow.cpp">
      <Filter>Afterlife\UIWindow</Filter>
    </ClCompile>
    <ClCompile Include="SoulViewWindow.cpp">
      <Filter>Afterlife\UIWindow</Filter>
    </ClCompile>
    <ClCompile Include="KaraStationWindow.cpp">
      <Filter>Base\Source Files</Filter>
    </ClCompile>
    <ClCompile Include="StructureGate.cpp">
      <Filter>GameObjects\AfterlifeGOs\Building System\Structure</Filter>
    </ClCompile>
    <ClCompile Include="StructureTopia.cpp">
      <Filter>GameObjects\AfterlifeGOs\Building System\Structure</Filter>
    </ClCompile>
    <ClCompile Include="StructureTrainingCenter.cpp">
      <Filter>GameObjects\AfterlifeGOs\Building System\Structure</Filter>
    </ClCompile>
    <ClCompile Include="PopulationManager.cpp">
      <Filter>GameObjects\AfterlifeGOs\Building System</Filter>
    </ClCompile>
    <ClCompile Include="TextureManager.cpp">
      <Filter>GameObjects\AfterlifeGOs\Building System\Tilemap</Filter>
    </ClCompile>
    <ClCompile Include="StructureBuilding.cpp">
      <Filter>GameObjects\AfterlifeGOs\Building System\Structure</Filter>
    </ClCompile>
    <ClCompile Include="StructureKarmaAnchor.cpp">
      <Filter>GameObjects\AfterlifeGOs\Building System\Structure</Filter>
    </ClCompile>
    <ClCompile Include="StructureKarmaStation.cpp">
      <Filter>GameObjects\AfterlifeGOs\Building System\Structure</Filter>
    </ClCompile>
    <ClCompile Include="StructureSprite.cpp">
      <Filter>GameObjects\AfterlifeGOs\Building System\Structure</Filter>
    </ClCompile>
  </ItemGroup>
</Project>